
Microsoft Visual Studio Solution File, Format Version 12.00
# Visual Studio 15
VisualStudioVersion = 15.0.27703.2035
MinimumVisualStudioVersion = 10.0.40219.1
Project("{FAE04EC0-301F-11D3-BF4B-00C04F79EFBC}") = "Clinic Management System", "DBProject\Clinic Management System.csproj", "{B2ABDB6C-A1B7-460C-84D1-FB2317C5C666}"
EndProject
Global
	GlobalSection(SolutionConfigurationPlatforms) = preSolution
		Debug|Any CPU = Debug|Any CPU
		Release|Any CPU = Release|Any CPU
	EndGlobalSection
	GlobalSection(ProjectConfigurationPlatforms) = postSolution
		{B2ABDB6C-A1B7-460C-84D1-FB2317C5C666}.Debug|Any CPU.ActiveCfg = Debug|Any CPU
		{B2ABDB6C-A1B7-460C-84D1-FB2317C5C666}.Debug|Any CPU.Build.0 = Debug|Any CPU
		{B2ABDB6C-A1B7-460C-84D1-FB2317C5C666}.Release|Any CPU.ActiveCfg = Release|Any CPU
		{B2ABDB6C-A1B7-460C-84D1-FB2317C5C666}.Release|Any CPU.Build.0 = Release|Any CPU
	EndGlobalSection
	GlobalSection(SolutionProperties) = preSolution
		HideSolutionNode = FALSE
	EndGlobalSection
	GlobalSection(ExtensibilityGlobals) = postSolution
		SolutionGuid = {6980D4B7-EB6E-4DD2-9657-ED23415262D8}
	EndGlobalSection
EndGlobal
